{
  "name": "binance2",
  "version": "1.0.0",
  "lockfileVersion": 2,
  "requires": true,
  "packages": {
    "": {
      "name": "binance2",
      "version": "1.0.0",
      "license": "ISC",
      "dependencies": {
        "@binance/connector": "^1.10.0",
        "dotenv": "^16.0.1",
        "knex": "^2.1.0",
        "mariadb": "^3.0.0",
        "mysql2": "^2.3.3",
        "rxjs": "^7.5.5",
        "simple-node-logger": "^21.8.12",
        "technicalindicators": "^3.1.0",
        "typescript": "^4.7.3"
      },
      "devDependencies": {
        "@types/node": "^17.0.36",
        "@types/rx": "^4.1.2"
      }
    },
    "node_modules/@alloc/quick-lru": {
      "version": "5.2.0",
      "resolved": "https://registry.npmjs.org/@alloc/quick-lru/-/quick-lru-5.2.0.tgz",
      "integrity": "sha512-UrcABB+4bUrFABwbluTIBErXwvbsU/V7TZWfmbgJfbkwiBuziS9gxdODUyuiecfdGQ85jglMW6juS3+z5TsKLw==",
      "engines": {
        "node": ">=10"
      },
      "funding": {
        "url": "https://github.com/sponsors/sindresorhus"
      }
    },
    "node_modules/@binance/connector": {
      "version": "1.10.0",
      "resolved": "https://registry.npmjs.org/@binance/connector/-/connector-1.10.0.tgz",
      "integrity": "sha512-+BRTo99XinTHqI83zOExXRAupzh4N4C0A68umzxrzobQdYAXe6xwB/ECMRrQbtP/kQZktjSHFSIWcF0hJeXCaw==",
      "dependencies": {
        "axios": "^0.21.4",
        "ws": "^7.5.0"
      },
      "engines": {
        "node": ">=12.22.3",
        "npm": ">=6.14.13"
      }
    },
    "node_modules/@types/geojson": {
      "version": "7946.0.8",
      "resolved": "https://registry.npmjs.org/@types/geojson/-/geojson-7946.0.8.tgz",
      "integrity": "sha512-1rkryxURpr6aWP7R786/UQOkJ3PcpQiWkAXBmdWc7ryFWqN6a4xfK7BtjXvFBKO9LjQ+MWQSWxYeZX1OApnArA=="
    },
    "node_modules/@types/node": {
      "version": "17.0.42",
      "resolved": "https://registry.npmjs.org/@types/node/-/node-17.0.42.tgz",
      "integrity": "sha512-Q5BPGyGKcvQgAMbsr7qEGN/kIPN6zZecYYABeTDBizOsau+2NMdSVTar9UQw21A2+JyA2KRNDYaYrPB0Rpk2oQ=="
    },
    "node_modules/@types/rx": {
      "version": "4.1.2",
      "resolved": "https://registry.npmjs.org/@types/rx/-/rx-4.1.2.tgz",
      "integrity": "sha512-1r8ZaT26Nigq7o4UBGl+aXB2UMFUIdLPP/8bLIP0x3d0pZL46ybKKjhWKaJQWIkLl5QCLD0nK3qTOO1QkwdFaA==",
      "dev": true,
      "dependencies": {
        "@types/rx-core": "*",
        "@types/rx-core-binding": "*",
        "@types/rx-lite": "*",
        "@types/rx-lite-aggregates": "*",
        "@types/rx-lite-async": "*",
        "@types/rx-lite-backpressure": "*",
        "@types/rx-lite-coincidence": "*",
        "@types/rx-lite-experimental": "*",
        "@types/rx-lite-joinpatterns": "*",
        "@types/rx-lite-testing": "*",
        "@types/rx-lite-time": "*",
        "@types/rx-lite-virtualtime": "*"
      }
    },
    "node_modules/@types/rx-core": {
      "version": "4.0.3",
      "resolved": "https://registry.npmjs.org/@types/rx-core/-/rx-core-4.0.3.tgz",
      "integrity": "sha512-XqPap57hhipi8whgvYSFOEj7mUz2BpITUsS/vkWeyhEZ06XoEw2qSQSvgRgolxXn8hvpKj+YZDIvobJG5JFAxw==",
      "dev": true
    },
    "node_modules/@types/rx-core-binding": {
      "version": "4.0.4",
      "resolved": "https://registry.npmjs.org/@types/rx-core-binding/-/rx-core-binding-4.0.4.tgz",
      "integrity": "sha512-5pkfxnC4w810LqBPUwP5bg7SFR/USwhMSaAeZQQbEHeBp57pjKXRlXmqpMrLJB4y1oglR/c2502853uN0I+DAQ==",
      "dev": true,
      "dependencies": {
        "@types/rx-core": "*"
      }
    },
    "node_modules/@types/rx-lite": {
      "version": "4.0.6",
      "resolved": "https://registry.npmjs.org/@types/rx-lite/-/rx-lite-4.0.6.tgz",
      "integrity": "sha512-oYiDrFIcor9zDm0VDUca1UbROiMYBxMLMaM6qzz4ADAfOmA9r1dYEcAFH+2fsPI5BCCjPvV9pWC3X3flbrvs7w==",
      "dev": true,
      "dependencies": {
        "@types/rx-core": "*",
        "@types/rx-core-binding": "*"
      }
    },
    "node_modules/@types/rx-lite-aggregates": {
      "version": "4.0.3",
      "resolved": "https://registry.npmjs.org/@types/rx-lite-aggregates/-/rx-lite-aggregates-4.0.3.tgz",
      "integrity": "sha512-MAGDAHy8cRatm94FDduhJF+iNS5//jrZ/PIfm+QYw9OCeDgbymFHChM8YVIvN2zArwsRftKgE33QfRWvQk4DPg==",
      "dev": true,
      "dependencies": {
        "@types/rx-lite": "*"
      }
    },
    "node_modules/@types/rx-lite-async": {
      "version": "4.0.2",
      "resolved": "https://registry.npmjs.org/@types/rx-lite-async/-/rx-lite-async-4.0.2.tgz",
      "integrity": "sha512-vTEv5o8l6702ZwfAM5aOeVDfUwBSDOs+ARoGmWAKQ6LOInQ8J4/zjM7ov12fuTpktUKdMQjkeCp07Vd73mPkxw==",
      "dev": true,
      "dependencies": {
        "@types/rx-lite": "*"
      }
    },
    "node_modules/@types/rx-lite-backpressure": {
      "version": "4.0.3",
      "resolved": "https://registry.npmjs.org/@types/rx-lite-backpressure/-/rx-lite-backpressure-4.0.3.tgz",
      "integrity": "sha512-Y6aIeQCtNban5XSAF4B8dffhIKu6aAy/TXFlScHzSxh6ivfQBQw6UjxyEJxIOt3IT49YkS+siuayM2H/Q0cmgA==",
      "dev": true,
      "dependencies": {
        "@types/rx-lite": "*"
      }
    },
    "node_modules/@types/rx-lite-coincidence": {
      "version": "4.0.3",
      "resolved": "https://registry.npmjs.org/@types/rx-lite-coincidence/-/rx-lite-coincidence-4.0.3.tgz",
      "integrity": "sha512-1VNJqzE9gALUyMGypDXZZXzR0Tt7LC9DdAZQ3Ou/Q0MubNU35agVUNXKGHKpNTba+fr8GdIdkC26bRDqtCQBeQ==",
      "dev": true,
      "dependencies": {
        "@types/rx-lite": "*"
      }
    },
    "node_modules/@types/rx-lite-experimental": {
      "version": "4.0.1",
      "resolved": "https://registry.npmjs.org/@types/rx-lite-experimental/-/rx-lite-experimental-4.0.1.tgz",
      "integrity": "sha512-9ydO3He/tWM3orVClAWrcqyqdUFGPSD8N606eCHtJAesSZpI6vIDelY3CNh486sh4vHA65yFsgug/OsyicNFpg==",
      "dev": true,
      "dependencies": {
        "@types/rx-lite": "*"
      }
    },
    "node_modules/@types/rx-lite-joinpatterns": {
      "version": "4.0.1",
      "resolved": "https://registry.npmjs.org/@types/rx-lite-joinpatterns/-/rx-lite-joinpatterns-4.0.1.tgz",
      "integrity": "sha512-z7SYKOL32H7eK9V/z3UXZabYlBSmQbeIrpGCM1UiNwzxDVjYV0NW99mYU5NWGd2x2OcAtvJvC/PUENPsVYWyUQ==",
      "dev": true,
      "dependencies": {
        "@types/rx-lite": "*"
      }
    },
    "node_modules/@types/rx-lite-testing": {
      "version": "4.0.1",
      "resolved": "https://registry.npmjs.org/@types/rx-lite-testing/-/rx-lite-testing-4.0.1.tgz",
      "integrity": "sha512-kd+O2scX+mU/KkSOnJo+4GuPjkIVTvOsDbv0fjGQRTT8oPeptHxgYCOxtfVePwGC6HmeUmcjTOWYQBUFHRh24w==",
      "dev": true,
      "dependencies": {
        "@types/rx-lite-virtualtime": "*"
      }
    },
    "node_modules/@types/rx-lite-time": {
      "version": "4.0.3",
      "resolved": "https://registry.npmjs.org/@types/rx-lite-time/-/rx-lite-time-4.0.3.tgz",
      "integrity": "sha512-ukO5sPKDRwCGWRZRqPlaAU0SKVxmWwSjiOrLhoQDoWxZWg6vyB9XLEZViKOzIO6LnTIQBlk4UylYV0rnhJLxQw==",
      "dev": true,
      "dependencies": {
        "@types/rx-lite": "*"
      }
    },
    "node_modules/@types/rx-lite-virtualtime": {
      "version": "4.0.3",
      "resolved": "https://registry.npmjs.org/@types/rx-lite-virtualtime/-/rx-lite-virtualtime-4.0.3.tgz",
      "integrity": "sha512-3uC6sGmjpOKatZSVHI2xB1+dedgml669ZRvqxy+WqmGJDVusOdyxcKfyzjW0P3/GrCiN4nmRkLVMhPwHCc5QLg==",
      "dev": true,
      "dependencies": {
        "@types/rx-lite": "*"
      }
    },
    "node_modules/axios": {
      "version": "0.21.4",
      "resolved": "https://registry.npmjs.org/axios/-/axios-0.21.4.tgz",
      "integrity": "sha512-ut5vewkiu8jjGBdqpM44XxjuCjq9LAKeHVmoVfHVzy8eHgxxq8SbAVQNovDA8mVi05kP0Ea/n/UzcSHcTJQfNg==",
      "dependencies": {
        "follow-redirects": "^1.14.0"
      }
    },
    "node_modules/colorette": {
      "version": "2.0.16",
      "resolved": "https://registry.npmjs.org/colorette/-/colorette-2.0.16.tgz",
      "integrity": "sha512-hUewv7oMjCp+wkBv5Rm0v87eJhq4woh5rSR+42YSQJKecCqgIqNkZ6lAlQms/BwHPJA5NKMRlpxPRv0n8HQW6g=="
    },
    "node_modules/commander": {
      "version": "9.3.0",
      "resolved": "https://registry.npmjs.org/commander/-/commander-9.3.0.tgz",
      "integrity": "sha512-hv95iU5uXPbK83mjrJKuZyFM/LBAoCV/XhVGkS5Je6tl7sxr6A0ITMw5WoRV46/UaJ46Nllm3Xt7IaJhXTIkzw==",
      "engines": {
        "node": "^12.20.0 || >=14"
      }
    },
    "node_modules/debug": {
      "version": "4.3.4",
      "resolved": "https://registry.npmjs.org/debug/-/debug-4.3.4.tgz",
      "integrity": "sha512-PRWFHuSU3eDtQJPvnNY7Jcket1j0t5OuOsFzPPzsekD52Zl8qUfFIPEiswXqIvHWGVHOgX+7G/vCNNhehwxfkQ==",
      "dependencies": {
        "ms": "2.1.2"
      },
      "engines": {
        "node": ">=6.0"
      },
      "peerDependenciesMeta": {
        "supports-color": {
          "optional": true
        }
      }
    },
    "node_modules/denque": {
      "version": "2.0.1",
      "resolved": "https://registry.npmjs.org/denque/-/denque-2.0.1.tgz",
      "integrity": "sha512-tfiWc6BQLXNLpNiR5iGd0Ocu3P3VpxfzFiqubLgMfhfOw9WyvgJBd46CClNn9k3qfbjvT//0cf7AlYRX/OslMQ==",
      "engines": {
        "node": ">=0.10"
      }
    },
    "node_modules/dotenv": {
      "version": "16.0.1",
      "resolved": "https://registry.npmjs.org/dotenv/-/dotenv-16.0.1.tgz",
      "integrity": "sha512-1K6hR6wtk2FviQ4kEiSjFiH5rpzEVi8WW0x96aztHVMhEspNpc4DVOUTEHtEva5VThQ8IaBX1Pe4gSzpVVUsKQ==",
      "engines": {
        "node": ">=12"
      }
    },
    "node_modules/escalade": {
      "version": "3.1.1",
      "resolved": "https://registry.npmjs.org/escalade/-/escalade-3.1.1.tgz",
      "integrity": "sha512-k0er2gUkLf8O0zKJiAhmkTnJlTvINGv7ygDNPbeIsX/TJjGJZHuh9B2UxbsaEkmlEo9MfhrSzmhIlhRlI2GXnw==",
      "engines": {
        "node": ">=6"
      }
    },
    "node_modules/esm": {
      "version": "3.2.25",
      "resolved": "https://registry.npmjs.org/esm/-/esm-3.2.25.tgz",
      "integrity": "sha512-U1suiZ2oDVWv4zPO56S0NcR5QriEahGtdN2OR6FiOG4WJvcjBVFB0qI4+eKoWFH483PKGuLuu6V8Z4T5g63UVA==",
      "engines": {
        "node": ">=6"
      }
    },
    "node_modules/follow-redirects": {
      "version": "1.15.1",
      "resolved": "https://registry.npmjs.org/follow-redirects/-/follow-redirects-1.15.1.tgz",
      "integrity": "sha512-yLAMQs+k0b2m7cVxpS1VKJVvoz7SS9Td1zss3XRwXj+ZDH00RJgnuLx7E44wx02kQLrdM3aOOy+FpzS7+8OizA==",
      "funding": [
        {
          "type": "individual",
          "url": "https://github.com/sponsors/RubenVerborgh"
        }
      ],
      "engines": {
        "node": ">=4.0"
      },
      "peerDependenciesMeta": {
        "debug": {
          "optional": true
        }
      }
    },
    "node_modules/function-bind": {
      "version": "1.1.1",
      "resolved": "https://registry.npmjs.org/function-bind/-/function-bind-1.1.1.tgz",
      "integrity": "sha512-yIovAzMX49sF8Yl58fSCWJ5svSLuaibPxXQJFLmBObTuCr0Mf1KiPopGM9NiFjiYBCbfaa2Fh6breQ6ANVTI0A=="
    },
    "node_modules/generate-function": {
      "version": "2.3.1",
      "resolved": "https://registry.npmjs.org/generate-function/-/generate-function-2.3.1.tgz",
      "integrity": "sha512-eeB5GfMNeevm/GRYq20ShmsaGcmI81kIX2K9XQx5miC8KdHaC6Jm0qQ8ZNeGOi7wYB8OsdxKs+Y2oVuTFuVwKQ==",
      "dependencies": {
        "is-property": "^1.0.2"
      }
    },
    "node_modules/get-package-type": {
      "version": "0.1.0",
      "resolved": "https://registry.npmjs.org/get-package-type/-/get-package-type-0.1.0.tgz",
      "integrity": "sha512-pjzuKtY64GYfWizNAJ0fr9VqttZkNiK2iS430LtIHzjBEr6bX8Am2zm4sW4Ro5wjWW5cAlRL1qAMTcXbjNAO2Q==",
      "engines": {
        "node": ">=8.0.0"
      }
    },
    "node_modules/getopts": {
      "version": "2.3.0",
      "resolved": "https://registry.npmjs.org/getopts/-/getopts-2.3.0.tgz",
      "integrity": "sha512-5eDf9fuSXwxBL6q5HX+dhDj+dslFGWzU5thZ9kNKUkcPtaPdatmUFKwHFrLb/uf/WpA4BHET+AX3Scl56cAjpA=="
    },
    "node_modules/has": {
      "version": "1.0.3",
      "resolved": "https://registry.npmjs.org/has/-/has-1.0.3.tgz",
      "integrity": "sha512-f2dvO0VU6Oej7RkWJGrehjbzMAjFp5/VKPp5tTpWIV4JHHZK1/BxbFRtf/siA2SWTe09caDmVtYYzWEIbBS4zw==",
      "dependencies": {
        "function-bind": "^1.1.1"
      },
      "engines": {
        "node": ">= 0.4.0"
      }
    },
    "node_modules/iconv-lite": {
      "version": "0.6.3",
      "resolved": "https://registry.npmjs.org/iconv-lite/-/iconv-lite-0.6.3.tgz",
      "integrity": "sha512-4fCk79wshMdzMp2rH06qWrJE4iolqLhCUH+OiuIgU++RB0+94NlDL81atO7GX55uUKueo0txHNtvEyI6D7WdMw==",
      "dependencies": {
        "safer-buffer": ">= 2.1.2 < 3.0.0"
      },
      "engines": {
        "node": ">=0.10.0"
      }
    },
    "node_modules/interpret": {
      "version": "2.2.0",
      "resolved": "https://registry.npmjs.org/interpret/-/interpret-2.2.0.tgz",
      "integrity": "sha512-Ju0Bz/cEia55xDwUWEa8+olFpCiQoypjnQySseKtmjNrnps3P+xfpUmGr90T7yjlVJmOtybRvPXhKMbHr+fWnw==",
      "engines": {
        "node": ">= 0.10"
      }
    },
    "node_modules/is-core-module": {
      "version": "2.9.0",
      "resolved": "https://registry.npmjs.org/is-core-module/-/is-core-module-2.9.0.tgz",
      "integrity": "sha512-+5FPy5PnwmO3lvfMb0AsoPaBG+5KHUI0wYFXOtYPnVVVspTFUuMZNfNaNVRt3FZadstu2c8x23vykRW/NBoU6A==",
      "dependencies": {
        "has": "^1.0.3"
      },
      "funding": {
        "url": "https://github.com/sponsors/ljharb"
      }
    },
    "node_modules/is-property": {
      "version": "1.0.2",
      "resolved": "https://registry.npmjs.org/is-property/-/is-property-1.0.2.tgz",
      "integrity": "sha512-Ks/IoX00TtClbGQr4TWXemAnktAQvYB7HzcCxDGqEZU6oCmb2INHuOoKxbtR+HFkmYWBKv/dOZtGRiAjDhj92g=="
    },
    "node_modules/knex": {
      "version": "2.1.0",
      "resolved": "https://registry.npmjs.org/knex/-/knex-2.1.0.tgz",
      "integrity": "sha512-vVsnD6UJdSJy55TvCXfFF9syfwyXNxfE9mvr2hJL/4Obciy2EPGoqjDpgRSlMruHuPWDOeYAG25nyrGvU+jJog==",
      "dependencies": {
        "colorette": "2.0.16",
        "commander": "^9.1.0",
        "debug": "4.3.4",
        "escalade": "^3.1.1",
        "esm": "^3.2.25",
        "get-package-type": "^0.1.0",
        "getopts": "2.3.0",
        "interpret": "^2.2.0",
        "lodash": "^4.17.21",
        "pg-connection-string": "2.5.0",
        "rechoir": "^0.8.0",
        "resolve-from": "^5.0.0",
        "tarn": "^3.0.2",
        "tildify": "2.0.0"
      },
      "bin": {
        "knex": "bin/cli.js"
      },
      "engines": {
        "node": ">=12"
      },
      "peerDependenciesMeta": {
        "better-sqlite3": {
          "optional": true
        },
        "mysql": {
          "optional": true
        },
        "mysql2": {
          "optional": true
        },
        "pg": {
          "optional": true
        },
        "pg-native": {
          "optional": true
        },
        "sqlite3": {
          "optional": true
        },
        "tedious": {
          "optional": true
        }
      }
    },
    "node_modules/lodash": {
      "version": "4.17.21",
      "resolved": "https://registry.npmjs.org/lodash/-/lodash-4.17.21.tgz",
      "integrity": "sha512-v2kDEe57lecTulaDIuNTPy3Ry4gLGJ6Z1O3vE1krgXZNrsQ+LFTGHVxVjcXPs17LhbZVGedAJv8XZ1tvj5FvSg=="
    },
    "node_modules/long": {
      "version": "4.0.0",
      "resolved": "https://registry.npmjs.org/long/-/long-4.0.0.tgz",
      "integrity": "sha512-XsP+KhQif4bjX1kbuSiySJFNAehNxgLb6hPRGJ9QsUr8ajHkuXGdrHmFUTUUXhDwVX2R5bY4JNZEwbUiMhV+MA=="
    },
    "node_modules/lru-cache": {
      "version": "6.0.0",
      "resolved": "https://registry.npmjs.org/lru-cache/-/lru-cache-6.0.0.tgz",
      "integrity": "sha512-Jo6dJ04CmSjuznwJSS3pUeWmd/H0ffTlkXXgwZi+eq1UCmqQwCh+eLsYOYCwY991i2Fah4h1BEMCx4qThGbsiA==",
      "dependencies": {
        "yallist": "^4.0.0"
      },
      "engines": {
        "node": ">=10"
      }
    },
    "node_modules/mariadb": {
      "version": "3.0.0",
      "resolved": "https://registry.npmjs.org/mariadb/-/mariadb-3.0.0.tgz",
      "integrity": "sha512-1uIqD6AWLP5ojMY67XP4+4uRLe9L92HD1ZGU8fidi8cGdYIC+Ghx1JliAtf7lc/tGjOh6J400f/1M4BXVtZFvA==",
      "dependencies": {
        "@alloc/quick-lru": "^5.2.0",
        "@types/geojson": "^7946.0.8",
        "@types/node": "^17.0.10",
        "denque": "^2.0.1",
        "iconv-lite": "^0.6.3",
        "moment-timezone": "^0.5.34",
        "please-upgrade-node": "^3.2.0"
      },
      "engines": {
        "node": ">= 12"
      }
    },
    "node_modules/moment": {
      "version": "2.29.3",
      "resolved": "https://registry.npmjs.org/moment/-/moment-2.29.3.tgz",
      "integrity": "sha512-c6YRvhEo//6T2Jz/vVtYzqBzwvPT95JBQ+smCytzf7c50oMZRsR/a4w88aD34I+/QVSfnoAnSBFPJHItlOMJVw==",
      "engines": {
        "node": "*"
      }
    },
    "node_modules/moment-timezone": {
      "version": "0.5.34",
      "resolved": "https://registry.npmjs.org/moment-timezone/-/moment-timezone-0.5.34.tgz",
      "integrity": "sha512-3zAEHh2hKUs3EXLESx/wsgw6IQdusOT8Bxm3D9UrHPQR7zlMmzwybC8zHEM1tQ4LJwP7fcxrWr8tuBg05fFCbg==",
      "dependencies": {
        "moment": ">= 2.9.0"
      },
      "engines": {
        "node": "*"
      }
    },
    "node_modules/ms": {
      "version": "2.1.2",
      "resolved": "https://registry.npmjs.org/ms/-/ms-2.1.2.tgz",
      "integrity": "sha512-sGkPx+VjMtmA6MX27oA4FBFELFCZZ4S4XqeGOXCv68tT+jb3vk/RyaKWP0PTKyWtmLSM0b+adUTEvbs1PEaH2w=="
    },
    "node_modules/mysql2": {
      "version": "2.3.3",
      "resolved": "https://registry.npmjs.org/mysql2/-/mysql2-2.3.3.tgz",
      "integrity": "sha512-wxJUev6LgMSgACDkb/InIFxDprRa6T95+VEoR+xPvtngtccNH2dGjEB/fVZ8yg1gWv1510c9CvXuJHi5zUm0ZA==",
      "dependencies": {
        "denque": "^2.0.1",
        "generate-function": "^2.3.1",
        "iconv-lite": "^0.6.3",
        "long": "^4.0.0",
        "lru-cache": "^6.0.0",
        "named-placeholders": "^1.1.2",
        "seq-queue": "^0.0.5",
        "sqlstring": "^2.3.2"
      },
      "engines": {
        "node": ">= 8.0"
      }
    },
    "node_modules/named-placeholders": {
      "version": "1.1.2",
      "resolved": "https://registry.npmjs.org/named-placeholders/-/named-placeholders-1.1.2.tgz",
      "integrity": "sha512-wiFWqxoLL3PGVReSZpjLVxyJ1bRqe+KKJVbr4hGs1KWfTZTQyezHFBbuKj9hsizHyGV2ne7EMjHdxEGAybD5SA==",
      "dependencies": {
        "lru-cache": "^4.1.3"
      },
      "engines": {
        "node": ">=6.0.0"
      }
    },
    "node_modules/named-placeholders/node_modules/lru-cache": {
      "version": "4.1.5",
      "resolved": "https://registry.npmjs.org/lru-cache/-/lru-cache-4.1.5.tgz",
      "integrity": "sha512-sWZlbEP2OsHNkXrMl5GYk/jKk70MBng6UU4YI/qGDYbgf6YbP4EvmqISbXCoJiRKs+1bSpFHVgQxvJ17F2li5g==",
      "dependencies": {
        "pseudomap": "^1.0.2",
        "yallist": "^2.1.2"
      }
    },
    "node_modules/named-placeholders/node_modules/yallist": {
      "version": "2.1.2",
      "resolved": "https://registry.npmjs.org/yallist/-/yallist-2.1.2.tgz",
      "integrity": "sha512-ncTzHV7NvsQZkYe1DW7cbDLm0YpzHmZF5r/iyP3ZnQtMiJ+pjzisCiMNI+Sj+xQF5pXhSHxSB3uDbsBTzY/c2A=="
    },
    "node_modules/path-parse": {
      "version": "1.0.7",
      "resolved": "https://registry.npmjs.org/path-parse/-/path-parse-1.0.7.tgz",
      "integrity": "sha512-LDJzPVEEEPR+y48z93A0Ed0yXb8pAByGWo/k5YYdYgpY2/2EsOsksJrq7lOHxryrVOn1ejG6oAp8ahvOIQD8sw=="
    },
    "node_modules/pg-connection-string": {
      "version": "2.5.0",
      "resolved": "https://registry.npmjs.org/pg-connection-string/-/pg-connection-string-2.5.0.tgz",
      "integrity": "sha512-r5o/V/ORTA6TmUnyWZR9nCj1klXCO2CEKNRlVuJptZe85QuhFayC7WeMic7ndayT5IRIR0S0xFxFi2ousartlQ=="
    },
    "node_modules/please-upgrade-node": {
      "version": "3.2.0",
      "resolved": "https://registry.npmjs.org/please-upgrade-node/-/please-upgrade-node-3.2.0.tgz",
      "integrity": "sha512-gQR3WpIgNIKwBMVLkpMUeR3e1/E1y42bqDQZfql+kDeXd8COYfM8PQA4X6y7a8u9Ua9FHmsrrmirW2vHs45hWg==",
      "dependencies": {
        "semver-compare": "^1.0.0"
      }
    },
    "node_modules/pseudomap": {
      "version": "1.0.2",
      "resolved": "https://registry.npmjs.org/pseudomap/-/pseudomap-1.0.2.tgz",
      "integrity": "sha512-b/YwNhb8lk1Zz2+bXXpS/LK9OisiZZ1SNsSLxN1x2OXVEhW2Ckr/7mWE5vrC1ZTiJlD9g19jWszTmJsB+oEpFQ=="
    },
    "node_modules/rechoir": {
      "version": "0.8.0",
      "resolved": "https://registry.npmjs.org/rechoir/-/rechoir-0.8.0.tgz",
      "integrity": "sha512-/vxpCXddiX8NGfGO/mTafwjq4aFa/71pvamip0++IQk3zG8cbCj0fifNPrjjF1XMXUne91jL9OoxmdykoEtifQ==",
      "dependencies": {
        "resolve": "^1.20.0"
      },
      "engines": {
        "node": ">= 10.13.0"
      }
    },
    "node_modules/resolve": {
      "version": "1.22.0",
      "resolved": "https://registry.npmjs.org/resolve/-/resolve-1.22.0.tgz",
      "integrity": "sha512-Hhtrw0nLeSrFQ7phPp4OOcVjLPIeMnRlr5mcnVuMe7M/7eBn98A3hmFRLoFo3DLZkivSYwhRUJTyPyWAk56WLw==",
      "dependencies": {
        "is-core-module": "^2.8.1",
        "path-parse": "^1.0.7",
        "supports-preserve-symlinks-flag": "^1.0.0"
      },
      "bin": {
        "resolve": "bin/resolve"
      },
      "funding": {
        "url": "https://github.com/sponsors/ljharb"
      }
    },
    "node_modules/resolve-from": {
      "version": "5.0.0",
      "resolved": "https://registry.npmjs.org/resolve-from/-/resolve-from-5.0.0.tgz",
      "integrity": "sha512-qYg9KP24dD5qka9J47d0aVky0N+b4fTU89LN9iDnjB5waksiC49rvMB0PrUJQGoTmH50XPiqOvAjDfaijGxYZw==",
      "engines": {
        "node": ">=8"
      }
    },
    "node_modules/rxjs": {
      "version": "7.5.5",
      "resolved": "https://registry.npmjs.org/rxjs/-/rxjs-7.5.5.tgz",
      "integrity": "sha512-sy+H0pQofO95VDmFLzyaw9xNJU4KTRSwQIGM6+iG3SypAtCiLDzpeG8sJrNCWn2Up9km+KhkvTdbkrdy+yzZdw==",
      "dependencies": {
        "tslib": "^2.1.0"
      }
    },
    "node_modules/safer-buffer": {
      "version": "2.1.2",
      "resolved": "https://registry.npmjs.org/safer-buffer/-/safer-buffer-2.1.2.tgz",
      "integrity": "sha512-YZo3K82SD7Riyi0E1EQPojLz7kpepnSQI9IyPbHHg1XXXevb5dJI7tpyN2ADxGcQbHG7vcyRHk0cbwqcQriUtg=="
    },
    "node_modules/semver-compare": {
      "version": "1.0.0",
      "resolved": "https://registry.npmjs.org/semver-compare/-/semver-compare-1.0.0.tgz",
      "integrity": "sha512-YM3/ITh2MJ5MtzaM429anh+x2jiLVjqILF4m4oyQB18W7Ggea7BfqdH/wGMK7dDiMghv/6WG7znWMwUDzJiXow=="
    },
    "node_modules/seq-queue": {
      "version": "0.0.5",
      "resolved": "https://registry.npmjs.org/seq-queue/-/seq-queue-0.0.5.tgz",
      "integrity": "sha512-hr3Wtp/GZIc/6DAGPDcV4/9WoZhjrkXsi5B/07QgX8tsdc6ilr7BFM6PM6rbdAX1kFSDYeZGLipIZZKyQP0O5Q=="
    },
    "node_modules/simple-node-logger": {
      "version": "21.8.12",
      "resolved": "https://registry.npmjs.org/simple-node-logger/-/simple-node-logger-21.8.12.tgz",
      "integrity": "sha512-RPImnYDq3jdUjaTvYLghaF1n65Dd0LV8hdZtlT0X1NZBAkw+lx0ZJtFydcUyYKjg0Yxd27AW9IAIc3OLhTjBzA==",
      "dependencies": {
        "lodash": "^4.17.12",
        "moment": "^2.20.1"
      }
    },
    "node_modules/sqlstring": {
      "version": "2.3.3",
      "resolved": "https://registry.npmjs.org/sqlstring/-/sqlstring-2.3.3.tgz",
      "integrity": "sha512-qC9iz2FlN7DQl3+wjwn3802RTyjCx7sDvfQEXchwa6CWOx07/WVfh91gBmQ9fahw8snwGEWU3xGzOt4tFyHLxg==",
      "engines": {
        "node": ">= 0.6"
      }
    },
    "node_modules/supports-preserve-symlinks-flag": {
      "version": "1.0.0",
      "resolved": "https://registry.npmjs.org/supports-preserve-symlinks-flag/-/supports-preserve-symlinks-flag-1.0.0.tgz",
      "integrity": "sha512-ot0WnXS9fgdkgIcePe6RHNk1WA8+muPa6cSjeR3V8K27q9BB1rTE3R1p7Hv0z1ZyAc8s6Vvv8DIyWf681MAt0w==",
      "engines": {
        "node": ">= 0.4"
      },
      "funding": {
        "url": "https://github.com/sponsors/ljharb"
      }
    },
    "node_modules/tarn": {
      "version": "3.0.2",
      "resolved": "https://registry.npmjs.org/tarn/-/tarn-3.0.2.tgz",
      "integrity": "sha512-51LAVKUSZSVfI05vjPESNc5vwqqZpbXCsU+/+wxlOrUjk2SnFTt97v9ZgQrD4YmxYW1Px6w2KjaDitCfkvgxMQ==",
      "engines": {
        "node": ">=8.0.0"
      }
    },
    "node_modules/technicalindicators": {
      "version": "3.1.0",
      "resolved": "https://registry.npmjs.org/technicalindicators/-/technicalindicators-3.1.0.tgz",
      "integrity": "sha512-f16mOc+Y05hNy/of+UbGxhxQQmxUztCiluhsqC5QLUYz4WowUgKde9m6nIjK1Kay0wGHigT0IkOabpp0+22UfA==",
      "dependencies": {
        "@types/node": "^6.0.96"
      }
    },
    "node_modules/technicalindicators/node_modules/@types/node": {
      "version": "6.14.13",
      "resolved": "https://registry.npmjs.org/@types/node/-/node-6.14.13.tgz",
      "integrity": "sha512-J1F0XJ/9zxlZel5ZlbeSuHW2OpabrUAqpFuC2sm2I3by8sERQ8+KCjNKUcq8QHuzpGMWiJpo9ZxeHrqrP2KzQw=="
    },
    "node_modules/tildify": {
      "version": "2.0.0",
      "resolved": "https://registry.npmjs.org/tildify/-/tildify-2.0.0.tgz",
      "integrity": "sha512-Cc+OraorugtXNfs50hU9KS369rFXCfgGLpfCfvlc+Ud5u6VWmUQsOAa9HbTvheQdYnrdJqqv1e5oIqXppMYnSw==",
      "engines": {
        "node": ">=8"
      }
    },
    "node_modules/tslib": {
      "version": "2.4.0",
      "resolved": "https://registry.npmjs.org/tslib/-/tslib-2.4.0.tgz",
      "integrity": "sha512-d6xOpEDfsi2CZVlPQzGeux8XMwLT9hssAsaPYExaQMuYskwb+x1x7J371tWlbBdWHroy99KnVB6qIkUbs5X3UQ=="
    },
    "node_modules/typescript": {
      "version": "4.7.3",
      "resolved": "https://registry.npmjs.org/typescript/-/typescript-4.7.3.tgz",
      "integrity": "sha512-WOkT3XYvrpXx4vMMqlD+8R8R37fZkjyLGlxavMc4iB8lrl8L0DeTcHbYgw/v0N/z9wAFsgBhcsF0ruoySS22mA==",
      "bin": {
        "tsc": "bin/tsc",
        "tsserver": "bin/tsserver"
      },
      "engines": {
        "node": ">=4.2.0"
      }
    },
    "node_modules/ws": {
      "version": "7.5.8",
      "resolved": "https://registry.npmjs.org/ws/-/ws-7.5.8.tgz",
      "integrity": "sha512-ri1Id1WinAX5Jqn9HejiGb8crfRio0Qgu8+MtL36rlTA6RLsMdWt1Az/19A2Qij6uSHUMphEFaTKa4WG+UNHNw==",
      "engines": {
        "node": ">=8.3.0"
      },
      "peerDependencies": {
        "bufferutil": "^4.0.1",
        "utf-8-validate": "^5.0.2"
      },
      "peerDependenciesMeta": {
        "bufferutil": {
          "optional": true
        },
        "utf-8-validate": {
          "optional": true
        }
      }
    },
    "node_modules/yallist": {
      "version": "4.0.0",
      "resolved": "https://registry.npmjs.org/yallist/-/yallist-4.0.0.tgz",
      "integrity": "sha512-3wdGidZyq5PB084XLES5TpOSRA3wjXAlIWMhum2kRcv/41Sn2emQ0dycQW4uZXLejwKvg6EsvbdlVL+FYEct7A=="
    }
  },
  "dependencies": {
    "@alloc/quick-lru": {
      "version": "5.2.0",
      "resolved": "https://registry.npmjs.org/@alloc/quick-lru/-/quick-lru-5.2.0.tgz",
      "integrity": "sha512-UrcABB+4bUrFABwbluTIBErXwvbsU/V7TZWfmbgJfbkwiBuziS9gxdODUyuiecfdGQ85jglMW6juS3+z5TsKLw=="
    },
    "@binance/connector": {
      "version": "1.10.0",
      "resolved": "https://registry.npmjs.org/@binance/connector/-/connector-1.10.0.tgz",
      "integrity": "sha512-+BRTo99XinTHqI83zOExXRAupzh4N4C0A68umzxrzobQdYAXe6xwB/ECMRrQbtP/kQZktjSHFSIWcF0hJeXCaw==",
      "requires": {
        "axios": "^0.21.4",
        "ws": "^7.5.0"
      }
    },
    "@types/geojson": {
      "version": "7946.0.8",
      "resolved": "https://registry.npmjs.org/@types/geojson/-/geojson-7946.0.8.tgz",
      "integrity": "sha512-1rkryxURpr6aWP7R786/UQOkJ3PcpQiWkAXBmdWc7ryFWqN6a4xfK7BtjXvFBKO9LjQ+MWQSWxYeZX1OApnArA=="
    },
    "@types/node": {
      "version": "17.0.42",
      "resolved": "https://registry.npmjs.org/@types/node/-/node-17.0.42.tgz",
      "integrity": "sha512-Q5BPGyGKcvQgAMbsr7qEGN/kIPN6zZecYYABeTDBizOsau+2NMdSVTar9UQw21A2+JyA2KRNDYaYrPB0Rpk2oQ=="
    },
    "@types/rx": {
      "version": "4.1.2",
      "resolved": "https://registry.npmjs.org/@types/rx/-/rx-4.1.2.tgz",
      "integrity": "sha512-1r8ZaT26Nigq7o4UBGl+aXB2UMFUIdLPP/8bLIP0x3d0pZL46ybKKjhWKaJQWIkLl5QCLD0nK3qTOO1QkwdFaA==",
      "dev": true,
      "requires": {
        "@types/rx-core": "*",
        "@types/rx-core-binding": "*",
        "@types/rx-lite": "*",
        "@types/rx-lite-aggregates": "*",
        "@types/rx-lite-async": "*",
        "@types/rx-lite-backpressure": "*",
        "@types/rx-lite-coincidence": "*",
        "@types/rx-lite-experimental": "*",
        "@types/rx-lite-joinpatterns": "*",
        "@types/rx-lite-testing": "*",
        "@types/rx-lite-time": "*",
        "@types/rx-lite-virtualtime": "*"
      }
    },
    "@types/rx-core": {
      "version": "4.0.3",
      "resolved": "https://registry.npmjs.org/@types/rx-core/-/rx-core-4.0.3.tgz",
      "integrity": "sha512-XqPap57hhipi8whgvYSFOEj7mUz2BpITUsS/vkWeyhEZ06XoEw2qSQSvgRgolxXn8hvpKj+YZDIvobJG5JFAxw==",
      "dev": true
    },
    "@types/rx-core-binding": {
      "version": "4.0.4",
      "resolved": "https://registry.npmjs.org/@types/rx-core-binding/-/rx-core-binding-4.0.4.tgz",
      "integrity": "sha512-5pkfxnC4w810LqBPUwP5bg7SFR/USwhMSaAeZQQbEHeBp57pjKXRlXmqpMrLJB4y1oglR/c2502853uN0I+DAQ==",
      "dev": true,
      "requires": {
        "@types/rx-core": "*"
      }
    },
    "@types/rx-lite": {
      "version": "4.0.6",
      "resolved": "https://registry.npmjs.org/@types/rx-lite/-/rx-lite-4.0.6.tgz",
      "integrity": "sha512-oYiDrFIcor9zDm0VDUca1UbROiMYBxMLMaM6qzz4ADAfOmA9r1dYEcAFH+2fsPI5BCCjPvV9pWC3X3flbrvs7w==",
      "dev": true,
      "requires": {
        "@types/rx-core": "*",
        "@types/rx-core-binding": "*"
      }
    },
    "@types/rx-lite-aggregates": {
      "version": "4.0.3",
      "resolved": "https://registry.npmjs.org/@types/rx-lite-aggregates/-/rx-lite-aggregates-4.0.3.tgz",
      "integrity": "sha512-MAGDAHy8cRatm94FDduhJF+iNS5//jrZ/PIfm+QYw9OCeDgbymFHChM8YVIvN2zArwsRftKgE33QfRWvQk4DPg==",
      "dev": true,
      "requires": {
        "@types/rx-lite": "*"
      }
    },
    "@types/rx-lite-async": {
      "version": "4.0.2",
      "resolved": "https://registry.npmjs.org/@types/rx-lite-async/-/rx-lite-async-4.0.2.tgz",
      "integrity": "sha512-vTEv5o8l6702ZwfAM5aOeVDfUwBSDOs+ARoGmWAKQ6LOInQ8J4/zjM7ov12fuTpktUKdMQjkeCp07Vd73mPkxw==",
      "dev": true,
      "requires": {
        "@types/rx-lite": "*"
      }
    },
    "@types/rx-lite-backpressure": {
      "version": "4.0.3",
      "resolved": "https://registry.npmjs.org/@types/rx-lite-backpressure/-/rx-lite-backpressure-4.0.3.tgz",
      "integrity": "sha512-Y6aIeQCtNban5XSAF4B8dffhIKu6aAy/TXFlScHzSxh6ivfQBQw6UjxyEJxIOt3IT49YkS+siuayM2H/Q0cmgA==",
      "dev": true,
      "requires": {
        "@types/rx-lite": "*"
      }
    },
    "@types/rx-lite-coincidence": {
      "version": "4.0.3",
      "resolved": "https://registry.npmjs.org/@types/rx-lite-coincidence/-/rx-lite-coincidence-4.0.3.tgz",
      "integrity": "sha512-1VNJqzE9gALUyMGypDXZZXzR0Tt7LC9DdAZQ3Ou/Q0MubNU35agVUNXKGHKpNTba+fr8GdIdkC26bRDqtCQBeQ==",
      "dev": true,
      "requires": {
        "@types/rx-lite": "*"
      }
    },
    "@types/rx-lite-experimental": {
      "version": "4.0.1",
      "resolved": "https://registry.npmjs.org/@types/rx-lite-experimental/-/rx-lite-experimental-4.0.1.tgz",
      "integrity": "sha512-9ydO3He/tWM3orVClAWrcqyqdUFGPSD8N606eCHtJAesSZpI6vIDelY3CNh486sh4vHA65yFsgug/OsyicNFpg==",
      "dev": true,
      "requires": {
        "@types/rx-lite": "*"
      }
    },
    "@types/rx-lite-joinpatterns": {
      "version": "4.0.1",
      "resolved": "https://registry.npmjs.org/@types/rx-lite-joinpatterns/-/rx-lite-joinpatterns-4.0.1.tgz",
      "integrity": "sha512-z7SYKOL32H7eK9V/z3UXZabYlBSmQbeIrpGCM1UiNwzxDVjYV0NW99mYU5NWGd2x2OcAtvJvC/PUENPsVYWyUQ==",
      "dev": true,
      "requires": {
        "@types/rx-lite": "*"
      }
    },
    "@types/rx-lite-testing": {
      "version": "4.0.1",
      "resolved": "https://registry.npmjs.org/@types/rx-lite-testing/-/rx-lite-testing-4.0.1.tgz",
      "integrity": "sha512-kd+O2scX+mU/KkSOnJo+4GuPjkIVTvOsDbv0fjGQRTT8oPeptHxgYCOxtfVePwGC6HmeUmcjTOWYQBUFHRh24w==",
      "dev": true,
      "requires": {
        "@types/rx-lite-virtualtime": "*"
      }
    },
    "@types/rx-lite-time": {
      "version": "4.0.3",
      "resolved": "https://registry.npmjs.org/@types/rx-lite-time/-/rx-lite-time-4.0.3.tgz",
      "integrity": "sha512-ukO5sPKDRwCGWRZRqPlaAU0SKVxmWwSjiOrLhoQDoWxZWg6vyB9XLEZViKOzIO6LnTIQBlk4UylYV0rnhJLxQw==",
      "dev": true,
      "requires": {
        "@types/rx-lite": "*"
      }
    },
    "@types/rx-lite-virtualtime": {
      "version": "4.0.3",
      "resolved": "https://registry.npmjs.org/@types/rx-lite-virtualtime/-/rx-lite-virtualtime-4.0.3.tgz",
      "integrity": "sha512-3uC6sGmjpOKatZSVHI2xB1+dedgml669ZRvqxy+WqmGJDVusOdyxcKfyzjW0P3/GrCiN4nmRkLVMhPwHCc5QLg==",
      "dev": true,
      "requires": {
        "@types/rx-lite": "*"
      }
    },
    "axios": {
      "version": "0.21.4",
      "resolved": "https://registry.npmjs.org/axios/-/axios-0.21.4.tgz",
      "integrity": "sha512-ut5vewkiu8jjGBdqpM44XxjuCjq9LAKeHVmoVfHVzy8eHgxxq8SbAVQNovDA8mVi05kP0Ea/n/UzcSHcTJQfNg==",
      "requires": {
        "follow-redirects": "^1.14.0"
      }
    },
    "colorette": {
      "version": "2.0.16",
      "resolved": "https://registry.npmjs.org/colorette/-/colorette-2.0.16.tgz",
      "integrity": "sha512-hUewv7oMjCp+wkBv5Rm0v87eJhq4woh5rSR+42YSQJKecCqgIqNkZ6lAlQms/BwHPJA5NKMRlpxPRv0n8HQW6g=="
    },
    "commander": {
      "version": "9.3.0",
      "resolved": "https://registry.npmjs.org/commander/-/commander-9.3.0.tgz",
      "integrity": "sha512-hv95iU5uXPbK83mjrJKuZyFM/LBAoCV/XhVGkS5Je6tl7sxr6A0ITMw5WoRV46/UaJ46Nllm3Xt7IaJhXTIkzw=="
    },
    "debug": {
      "version": "4.3.4",
      "resolved": "https://registry.npmjs.org/debug/-/debug-4.3.4.tgz",
      "integrity": "sha512-PRWFHuSU3eDtQJPvnNY7Jcket1j0t5OuOsFzPPzsekD52Zl8qUfFIPEiswXqIvHWGVHOgX+7G/vCNNhehwxfkQ==",
      "requires": {
        "ms": "2.1.2"
      }
    },
    "denque": {
      "version": "2.0.1",
      "resolved": "https://registry.npmjs.org/denque/-/denque-2.0.1.tgz",
      "integrity": "sha512-tfiWc6BQLXNLpNiR5iGd0Ocu3P3VpxfzFiqubLgMfhfOw9WyvgJBd46CClNn9k3qfbjvT//0cf7AlYRX/OslMQ=="
    },
    "dotenv": {
      "version": "16.0.1",
      "resolved": "https://registry.npmjs.org/dotenv/-/dotenv-16.0.1.tgz",
      "integrity": "sha512-1K6hR6wtk2FviQ4kEiSjFiH5rpzEVi8WW0x96aztHVMhEspNpc4DVOUTEHtEva5VThQ8IaBX1Pe4gSzpVVUsKQ=="
    },
    "escalade": {
      "version": "3.1.1",
      "resolved": "https://registry.npmjs.org/escalade/-/escalade-3.1.1.tgz",
      "integrity": "sha512-k0er2gUkLf8O0zKJiAhmkTnJlTvINGv7ygDNPbeIsX/TJjGJZHuh9B2UxbsaEkmlEo9MfhrSzmhIlhRlI2GXnw=="
    },
    "esm": {
      "version": "3.2.25",
      "resolved": "https://registry.npmjs.org/esm/-/esm-3.2.25.tgz",
      "integrity": "sha512-U1suiZ2oDVWv4zPO56S0NcR5QriEahGtdN2OR6FiOG4WJvcjBVFB0qI4+eKoWFH483PKGuLuu6V8Z4T5g63UVA=="
    },
    "follow-redirects": {
      "version": "1.15.1",
      "resolved": "https://registry.npmjs.org/follow-redirects/-/follow-redirects-1.15.1.tgz",
      "integrity": "sha512-yLAMQs+k0b2m7cVxpS1VKJVvoz7SS9Td1zss3XRwXj+ZDH00RJgnuLx7E44wx02kQLrdM3aOOy+FpzS7+8OizA=="
    },
    "function-bind": {
      "version": "1.1.1",
      "resolved": "https://registry.npmjs.org/function-bind/-/function-bind-1.1.1.tgz",
      "integrity": "sha512-yIovAzMX49sF8Yl58fSCWJ5svSLuaibPxXQJFLmBObTuCr0Mf1KiPopGM9NiFjiYBCbfaa2Fh6breQ6ANVTI0A=="
    },
    "generate-function": {
      "version": "2.3.1",
      "resolved": "https://registry.npmjs.org/generate-function/-/generate-function-2.3.1.tgz",
      "integrity": "sha512-eeB5GfMNeevm/GRYq20ShmsaGcmI81kIX2K9XQx5miC8KdHaC6Jm0qQ8ZNeGOi7wYB8OsdxKs+Y2oVuTFuVwKQ==",
      "requires": {
        "is-property": "^1.0.2"
      }
    },
    "get-package-type": {
      "version": "0.1.0",
      "resolved": "https://registry.npmjs.org/get-package-type/-/get-package-type-0.1.0.tgz",
      "integrity": "sha512-pjzuKtY64GYfWizNAJ0fr9VqttZkNiK2iS430LtIHzjBEr6bX8Am2zm4sW4Ro5wjWW5cAlRL1qAMTcXbjNAO2Q=="
    },
    "getopts": {
      "version": "2.3.0",
      "resolved": "https://registry.npmjs.org/getopts/-/getopts-2.3.0.tgz",
      "integrity": "sha512-5eDf9fuSXwxBL6q5HX+dhDj+dslFGWzU5thZ9kNKUkcPtaPdatmUFKwHFrLb/uf/WpA4BHET+AX3Scl56cAjpA=="
    },
    "has": {
      "version": "1.0.3",
      "resolved": "https://registry.npmjs.org/has/-/has-1.0.3.tgz",
      "integrity": "sha512-f2dvO0VU6Oej7RkWJGrehjbzMAjFp5/VKPp5tTpWIV4JHHZK1/BxbFRtf/siA2SWTe09caDmVtYYzWEIbBS4zw==",
      "requires": {
        "function-bind": "^1.1.1"
      }
    },
    "iconv-lite": {
      "version": "0.6.3",
      "resolved": "https://registry.npmjs.org/iconv-lite/-/iconv-lite-0.6.3.tgz",
      "integrity": "sha512-4fCk79wshMdzMp2rH06qWrJE4iolqLhCUH+OiuIgU++RB0+94NlDL81atO7GX55uUKueo0txHNtvEyI6D7WdMw==",
      "requires": {
        "safer-buffer": ">= 2.1.2 < 3.0.0"
      }
    },
    "interpret": {
      "version": "2.2.0",
      "resolved": "https://registry.npmjs.org/interpret/-/interpret-2.2.0.tgz",
      "integrity": "sha512-Ju0Bz/cEia55xDwUWEa8+olFpCiQoypjnQySseKtmjNrnps3P+xfpUmGr90T7yjlVJmOtybRvPXhKMbHr+fWnw=="
    },
    "is-core-module": {
      "version": "2.9.0",
      "resolved": "https://registry.npmjs.org/is-core-module/-/is-core-module-2.9.0.tgz",
      "integrity": "sha512-+5FPy5PnwmO3lvfMb0AsoPaBG+5KHUI0wYFXOtYPnVVVspTFUuMZNfNaNVRt3FZadstu2c8x23vykRW/NBoU6A==",
      "requires": {
        "has": "^1.0.3"
      }
    },
    "is-property": {
      "version": "1.0.2",
      "resolved": "https://registry.npmjs.org/is-property/-/is-property-1.0.2.tgz",
      "integrity": "sha512-Ks/IoX00TtClbGQr4TWXemAnktAQvYB7HzcCxDGqEZU6oCmb2INHuOoKxbtR+HFkmYWBKv/dOZtGRiAjDhj92g=="
    },
    "knex": {
      "version": "2.1.0",
      "resolved": "https://registry.npmjs.org/knex/-/knex-2.1.0.tgz",
      "integrity": "sha512-vVsnD6UJdSJy55TvCXfFF9syfwyXNxfE9mvr2hJL/4Obciy2EPGoqjDpgRSlMruHuPWDOeYAG25nyrGvU+jJog==",
      "requires": {
        "colorette": "2.0.16",
        "commander": "^9.1.0",
        "debug": "4.3.4",
        "escalade": "^3.1.1",
        "esm": "^3.2.25",
        "get-package-type": "^0.1.0",
        "getopts": "2.3.0",
        "interpret": "^2.2.0",
        "lodash": "^4.17.21",
        "pg-connection-string": "2.5.0",
        "rechoir": "^0.8.0",
        "resolve-from": "^5.0.0",
        "tarn": "^3.0.2",
        "tildify": "2.0.0"
      }
    },
    "lodash": {
      "version": "4.17.21",
      "resolved": "https://registry.npmjs.org/lodash/-/lodash-4.17.21.tgz",
      "integrity": "sha512-v2kDEe57lecTulaDIuNTPy3Ry4gLGJ6Z1O3vE1krgXZNrsQ+LFTGHVxVjcXPs17LhbZVGedAJv8XZ1tvj5FvSg=="
    },
    "long": {
      "version": "4.0.0",
      "resolved": "https://registry.npmjs.org/long/-/long-4.0.0.tgz",
      "integrity": "sha512-XsP+KhQif4bjX1kbuSiySJFNAehNxgLb6hPRGJ9QsUr8ajHkuXGdrHmFUTUUXhDwVX2R5bY4JNZEwbUiMhV+MA=="
    },
    "lru-cache": {
      "version": "6.0.0",
      "resolved": "https://registry.npmjs.org/lru-cache/-/lru-cache-6.0.0.tgz",
      "integrity": "sha512-Jo6dJ04CmSjuznwJSS3pUeWmd/H0ffTlkXXgwZi+eq1UCmqQwCh+eLsYOYCwY991i2Fah4h1BEMCx4qThGbsiA==",
      "requires": {
        "yallist": "^4.0.0"
      }
    },
    "mariadb": {
      "version": "3.0.0",
      "resolved": "https://registry.npmjs.org/mariadb/-/mariadb-3.0.0.tgz",
      "integrity": "sha512-1uIqD6AWLP5ojMY67XP4+4uRLe9L92HD1ZGU8fidi8cGdYIC+Ghx1JliAtf7lc/tGjOh6J400f/1M4BXVtZFvA==",
      "requires": {
        "@alloc/quick-lru": "^5.2.0",
        "@types/geojson": "^7946.0.8",
        "@types/node": "^17.0.10",
        "denque": "^2.0.1",
        "iconv-lite": "^0.6.3",
        "moment-timezone": "^0.5.34",
        "please-upgrade-node": "^3.2.0"
      }
    },
    "moment": {
      "version": "2.29.3",
      "resolved": "https://registry.npmjs.org/moment/-/moment-2.29.3.tgz",
      "integrity": "sha512-c6YRvhEo//6T2Jz/vVtYzqBzwvPT95JBQ+smCytzf7c50oMZRsR/a4w88aD34I+/QVSfnoAnSBFPJHItlOMJVw=="
    },
    "moment-timezone": {
      "version": "0.5.34",
      "resolved": "https://registry.npmjs.org/moment-timezone/-/moment-timezone-0.5.34.tgz",
      "integrity": "sha512-3zAEHh2hKUs3EXLESx/wsgw6IQdusOT8Bxm3D9UrHPQR7zlMmzwybC8zHEM1tQ4LJwP7fcxrWr8tuBg05fFCbg==",
      "requires": {
        "moment": ">= 2.9.0"
      }
    },
    "ms": {
      "version": "2.1.2",
      "resolved": "https://registry.npmjs.org/ms/-/ms-2.1.2.tgz",
      "integrity": "sha512-sGkPx+VjMtmA6MX27oA4FBFELFCZZ4S4XqeGOXCv68tT+jb3vk/RyaKWP0PTKyWtmLSM0b+adUTEvbs1PEaH2w=="
    },
    "mysql2": {
      "version": "2.3.3",
      "resolved": "https://registry.npmjs.org/mysql2/-/mysql2-2.3.3.tgz",
      "integrity": "sha512-wxJUev6LgMSgACDkb/InIFxDprRa6T95+VEoR+xPvtngtccNH2dGjEB/fVZ8yg1gWv1510c9CvXuJHi5zUm0ZA==",
      "requires": {
        "denque": "^2.0.1",
        "generate-function": "^2.3.1",
        "iconv-lite": "^0.6.3",
        "long": "^4.0.0",
        "lru-cache": "^6.0.0",
        "named-placeholders": "^1.1.2",
        "seq-queue": "^0.0.5",
        "sqlstring": "^2.3.2"
      }
    },
    "named-placeholders": {
      "version": "1.1.2",
      "resolved": "https://registry.npmjs.org/named-placeholders/-/named-placeholders-1.1.2.tgz",
      "integrity": "sha512-wiFWqxoLL3PGVReSZpjLVxyJ1bRqe+KKJVbr4hGs1KWfTZTQyezHFBbuKj9hsizHyGV2ne7EMjHdxEGAybD5SA==",
      "requires": {
        "lru-cache": "^4.1.3"
      },
      "dependencies": {
        "lru-cache": {
          "version": "4.1.5",
          "resolved": "https://registry.npmjs.org/lru-cache/-/lru-cache-4.1.5.tgz",
          "integrity": "sha512-sWZlbEP2OsHNkXrMl5GYk/jKk70MBng6UU4YI/qGDYbgf6YbP4EvmqISbXCoJiRKs+1bSpFHVgQxvJ17F2li5g==",
          "requires": {
            "pseudomap": "^1.0.2",
            "yallist": "^2.1.2"
          }
        },
        "yallist": {
          "version": "2.1.2",
          "resolved": "https://registry.npmjs.org/yallist/-/yallist-2.1.2.tgz",
          "integrity": "sha512-ncTzHV7NvsQZkYe1DW7cbDLm0YpzHmZF5r/iyP3ZnQtMiJ+pjzisCiMNI+Sj+xQF5pXhSHxSB3uDbsBTzY/c2A=="
        }
      }
    },
    "path-parse": {
      "version": "1.0.7",
      "resolved": "https://registry.npmjs.org/path-parse/-/path-parse-1.0.7.tgz",
      "integrity": "sha512-LDJzPVEEEPR+y48z93A0Ed0yXb8pAByGWo/k5YYdYgpY2/2EsOsksJrq7lOHxryrVOn1ejG6oAp8ahvOIQD8sw=="
    },
    "pg-connection-string": {
      "version": "2.5.0",
      "resolved": "https://registry.npmjs.org/pg-connection-string/-/pg-connection-string-2.5.0.tgz",
      "integrity": "sha512-r5o/V/ORTA6TmUnyWZR9nCj1klXCO2CEKNRlVuJptZe85QuhFayC7WeMic7ndayT5IRIR0S0xFxFi2ousartlQ=="
    },
    "please-upgrade-node": {
      "version": "3.2.0",
      "resolved": "https://registry.npmjs.org/please-upgrade-node/-/please-upgrade-node-3.2.0.tgz",
      "integrity": "sha512-gQR3WpIgNIKwBMVLkpMUeR3e1/E1y42bqDQZfql+kDeXd8COYfM8PQA4X6y7a8u9Ua9FHmsrrmirW2vHs45hWg==",
      "requires": {
        "semver-compare": "^1.0.0"
      }
    },
    "pseudomap": {
      "version": "1.0.2",
      "resolved": "https://registry.npmjs.org/pseudomap/-/pseudomap-1.0.2.tgz",
      "integrity": "sha512-b/YwNhb8lk1Zz2+bXXpS/LK9OisiZZ1SNsSLxN1x2OXVEhW2Ckr/7mWE5vrC1ZTiJlD9g19jWszTmJsB+oEpFQ=="
    },
    "rechoir": {
      "version": "0.8.0",
      "resolved": "https://registry.npmjs.org/rechoir/-/rechoir-0.8.0.tgz",
      "integrity": "sha512-/vxpCXddiX8NGfGO/mTafwjq4aFa/71pvamip0++IQk3zG8cbCj0fifNPrjjF1XMXUne91jL9OoxmdykoEtifQ==",
      "requires": {
        "resolve": "^1.20.0"
      }
    },
    "resolve": {
      "version": "1.22.0",
      "resolved": "https://registry.npmjs.org/resolve/-/resolve-1.22.0.tgz",
      "integrity": "sha512-Hhtrw0nLeSrFQ7phPp4OOcVjLPIeMnRlr5mcnVuMe7M/7eBn98A3hmFRLoFo3DLZkivSYwhRUJTyPyWAk56WLw==",
      "requires": {
        "is-core-module": "^2.8.1",
        "path-parse": "^1.0.7",
        "supports-preserve-symlinks-flag": "^1.0.0"
      }
    },
    "resolve-from": {
      "version": "5.0.0",
      "resolved": "https://registry.npmjs.org/resolve-from/-/resolve-from-5.0.0.tgz",
      "integrity": "sha512-qYg9KP24dD5qka9J47d0aVky0N+b4fTU89LN9iDnjB5waksiC49rvMB0PrUJQGoTmH50XPiqOvAjDfaijGxYZw=="
    },
    "rxjs": {
      "version": "7.5.5",
      "resolved": "https://registry.npmjs.org/rxjs/-/rxjs-7.5.5.tgz",
      "integrity": "sha512-sy+H0pQofO95VDmFLzyaw9xNJU4KTRSwQIGM6+iG3SypAtCiLDzpeG8sJrNCWn2Up9km+KhkvTdbkrdy+yzZdw==",
      "requires": {
        "tslib": "^2.1.0"
      }
    },
    "safer-buffer": {
      "version": "2.1.2",
      "resolved": "https://registry.npmjs.org/safer-buffer/-/safer-buffer-2.1.2.tgz",
      "integrity": "sha512-YZo3K82SD7Riyi0E1EQPojLz7kpepnSQI9IyPbHHg1XXXevb5dJI7tpyN2ADxGcQbHG7vcyRHk0cbwqcQriUtg=="
    },
    "semver-compare": {
      "version": "1.0.0",
      "resolved": "https://registry.npmjs.org/semver-compare/-/semver-compare-1.0.0.tgz",
      "integrity": "sha512-YM3/ITh2MJ5MtzaM429anh+x2jiLVjqILF4m4oyQB18W7Ggea7BfqdH/wGMK7dDiMghv/6WG7znWMwUDzJiXow=="
    },
    "seq-queue": {
      "version": "0.0.5",
      "resolved": "https://registry.npmjs.org/seq-queue/-/seq-queue-0.0.5.tgz",
      "integrity": "sha512-hr3Wtp/GZIc/6DAGPDcV4/9WoZhjrkXsi5B/07QgX8tsdc6ilr7BFM6PM6rbdAX1kFSDYeZGLipIZZKyQP0O5Q=="
    },
    "simple-node-logger": {
      "version": "21.8.12",
      "resolved": "https://registry.npmjs.org/simple-node-logger/-/simple-node-logger-21.8.12.tgz",
      "integrity": "sha512-RPImnYDq3jdUjaTvYLghaF1n65Dd0LV8hdZtlT0X1NZBAkw+lx0ZJtFydcUyYKjg0Yxd27AW9IAIc3OLhTjBzA==",
      "requires": {
        "lodash": "^4.17.12",
        "moment": "^2.20.1"
      }
    },
    "sqlstring": {
      "version": "2.3.3",
      "resolved": "https://registry.npmjs.org/sqlstring/-/sqlstring-2.3.3.tgz",
      "integrity": "sha512-qC9iz2FlN7DQl3+wjwn3802RTyjCx7sDvfQEXchwa6CWOx07/WVfh91gBmQ9fahw8snwGEWU3xGzOt4tFyHLxg=="
    },
    "supports-preserve-symlinks-flag": {
      "version": "1.0.0",
      "resolved": "https://registry.npmjs.org/supports-preserve-symlinks-flag/-/supports-preserve-symlinks-flag-1.0.0.tgz",
      "integrity": "sha512-ot0WnXS9fgdkgIcePe6RHNk1WA8+muPa6cSjeR3V8K27q9BB1rTE3R1p7Hv0z1ZyAc8s6Vvv8DIyWf681MAt0w=="
    },
    "tarn": {
      "version": "3.0.2",
      "resolved": "https://registry.npmjs.org/tarn/-/tarn-3.0.2.tgz",
      "integrity": "sha512-51LAVKUSZSVfI05vjPESNc5vwqqZpbXCsU+/+wxlOrUjk2SnFTt97v9ZgQrD4YmxYW1Px6w2KjaDitCfkvgxMQ=="
    },
    "technicalindicators": {
      "version": "3.1.0",
      "resolved": "https://registry.npmjs.org/technicalindicators/-/technicalindicators-3.1.0.tgz",
      "integrity": "sha512-f16mOc+Y05hNy/of+UbGxhxQQmxUztCiluhsqC5QLUYz4WowUgKde9m6nIjK1Kay0wGHigT0IkOabpp0+22UfA==",
      "requires": {
        "@types/node": "^6.0.96"
      },
      "dependencies": {
        "@types/node": {
          "version": "6.14.13",
          "resolved": "https://registry.npmjs.org/@types/node/-/node-6.14.13.tgz",
          "integrity": "sha512-J1F0XJ/9zxlZel5ZlbeSuHW2OpabrUAqpFuC2sm2I3by8sERQ8+KCjNKUcq8QHuzpGMWiJpo9ZxeHrqrP2KzQw=="
        }
      }
    },
    "tildify": {
      "version": "2.0.0",
      "resolved": "https://registry.npmjs.org/tildify/-/tildify-2.0.0.tgz",
      "integrity": "sha512-Cc+OraorugtXNfs50hU9KS369rFXCfgGLpfCfvlc+Ud5u6VWmUQsOAa9HbTvheQdYnrdJqqv1e5oIqXppMYnSw=="
    },
    "tslib": {
      "version": "2.4.0",
      "resolved": "https://registry.npmjs.org/tslib/-/tslib-2.4.0.tgz",
      "integrity": "sha512-d6xOpEDfsi2CZVlPQzGeux8XMwLT9hssAsaPYExaQMuYskwb+x1x7J371tWlbBdWHroy99KnVB6qIkUbs5X3UQ=="
    },
    "typescript": {
      "version": "4.7.3",
      "resolved": "https://registry.npmjs.org/typescript/-/typescript-4.7.3.tgz",
      "integrity": "sha512-WOkT3XYvrpXx4vMMqlD+8R8R37fZkjyLGlxavMc4iB8lrl8L0DeTcHbYgw/v0N/z9wAFsgBhcsF0ruoySS22mA=="
    },
    "ws": {
      "version": "7.5.8",
      "resolved": "https://registry.npmjs.org/ws/-/ws-7.5.8.tgz",
      "integrity": "sha512-ri1Id1WinAX5Jqn9HejiGb8crfRio0Qgu8+MtL36rlTA6RLsMdWt1Az/19A2Qij6uSHUMphEFaTKa4WG+UNHNw==",
      "requires": {}
    },
    "yallist": {
      "version": "4.0.0",
      "resolved": "https://registry.npmjs.org/yallist/-/yallist-4.0.0.tgz",
      "integrity": "sha512-3wdGidZyq5PB084XLES5TpOSRA3wjXAlIWMhum2kRcv/41Sn2emQ0dycQW4uZXLejwKvg6EsvbdlVL+FYEct7A=="
    }
  }
}
